sonata_block:
    default_contexts: [cms]

    blocks:
        sonata.user.block.menu:    # used to display the menu in profile pages
        sonata.user.block.account: # used to display menu option (login option)
        sonata.block.service.text:
        sonata.block.service.rss:
        # TimelineBundle's Blocks
        sonata.timeline.block.timeline:
        sonata.timeline.block.timeline:
            contexts:   [admin]

        sonata.admin.block.admin_list:
            contexts:   [admin]
        sonata.admin.block.search_result:
            contexts:   [admin]

        # MediaBundle's Blocks
        sonata.media.block.media:
        sonata.media.block.gallery:
        sonata.media.block.feature_media:

        # NewsBundle's Blocks
        sonata.news.block.recent_comments:
        sonata.news.block.recent_posts:

        # SeoBundle's Blocks
        sonata.seo.block.email.share_button:
        sonata.seo.block.facebook.like_box:
        sonata.seo.block.facebook.like_button:
        sonata.seo.block.facebook.send_button:
        sonata.seo.block.facebook.share_button:
        sonata.seo.block.pinterest.pin_button:
        sonata.seo.block.twitter.share_button:
        sonata.seo.block.twitter.follow_button:
        sonata.seo.block.twitter.hashtag_button:
        sonata.seo.block.twitter.mention_button:
        sonata.seo.block.twitter.embed:

        sonata.demo.block.newsletter:

        # Formatter
        sonata.formatter.block.formatter:

        sonata.seo.block.breadcrumb.homepage:

















